
Microsoft Visual Studio Solution File, Format Version 12.00
# Visual Studio Version 16
VisualStudioVersion = 16.0.30204.135
MinimumVisualStudioVersion = 10.0.40219.1
Project("{2150E333-8FDC-42A3-9474-1A3956D46DE8}") = "src", "src", "{3283490B-B3C2-4301-9D6B-CC579E44AF98}"
EndProject
Project("{2150E333-8FDC-42A3-9474-1A3956D46DE8}") = "Core", "Core", "{623B0405-F3EC-4A80-8B60-C1CEF53DD495}"
EndProject
Project("{9A19103F-16F7-4668-BE54-9A1E7A4F7556}") = "CasinoBalanceManager.Core", "CasinoBalanceManager.Core\CasinoBalanceManager.Core.csproj", "{11713410-CF85-4414-BA3F-5E607EAC3074}"
EndProject
Project("{9A19103F-16F7-4668-BE54-9A1E7A4F7556}") = "CasinoBalanceManager.Application", "CasinoBalanceManager.Application\CasinoBalanceManager.Application.csproj", "{1ADDB901-BB12-453C-8245-FA1C9144248E}"
EndProject
Project("{2150E333-8FDC-42A3-9474-1A3956D46DE8}") = "Presentation", "Presentation", "{5255D16F-4DC5-461C-8BB9-D15F6DE017EE}"
EndProject
Project("{FAE04EC0-301F-11D3-BF4B-00C04F79EFBC}") = "CasinoBalanceManager.Api", "CasinoBalanceManager.Api\CasinoBalanceManager.Api.csproj", "{0860F497-0461-4C96-A7BA-152126B70E1A}"
EndProject
Global
	GlobalSection(SolutionConfigurationPlatforms) = preSolution
		Debug|Any CPU = Debug|Any CPU
		Release|Any CPU = Release|Any CPU
	EndGlobalSection
	GlobalSection(ProjectConfigurationPlatforms) = postSolution
		{11713410-CF85-4414-BA3F-5E607EAC3074}.Debug|Any CPU.ActiveCfg = Debug|Any CPU
		{11713410-CF85-4414-BA3F-5E607EAC3074}.Debug|Any CPU.Build.0 = Debug|Any CPU
		{11713410-CF85-4414-BA3F-5E607EAC3074}.Release|Any CPU.ActiveCfg = Release|Any CPU
		{11713410-CF85-4414-BA3F-5E607EAC3074}.Release|Any CPU.Build.0 = Release|Any CPU
		{1ADDB901-BB12-453C-8245-FA1C9144248E}.Debug|Any CPU.ActiveCfg = Debug|Any CPU
		{1ADDB901-BB12-453C-8245-FA1C9144248E}.Debug|Any CPU.Build.0 = Debug|Any CPU
		{1ADDB901-BB12-453C-8245-FA1C9144248E}.Release|Any CPU.ActiveCfg = Release|Any CPU
		{1ADDB901-BB12-453C-8245-FA1C9144248E}.Release|Any CPU.Build.0 = Release|Any CPU
		{0860F497-0461-4C96-A7BA-152126B70E1A}.Debug|Any CPU.ActiveCfg = Debug|Any CPU
		{0860F497-0461-4C96-A7BA-152126B70E1A}.Debug|Any CPU.Build.0 = Debug|Any CPU
		{0860F497-0461-4C96-A7BA-152126B70E1A}.Release|Any CPU.ActiveCfg = Release|Any CPU
		{0860F497-0461-4C96-A7BA-152126B70E1A}.Release|Any CPU.Build.0 = Release|Any CPU
	EndGlobalSection
	GlobalSection(SolutionProperties) = preSolution
		HideSolutionNode = FALSE
	EndGlobalSection
	GlobalSection(NestedProjects) = preSolution
		{623B0405-F3EC-4A80-8B60-C1CEF53DD495} = {3283490B-B3C2-4301-9D6B-CC579E44AF98}
		{11713410-CF85-4414-BA3F-5E607EAC3074} = {623B0405-F3EC-4A80-8B60-C1CEF53DD495}
		{1ADDB901-BB12-453C-8245-FA1C9144248E} = {623B0405-F3EC-4A80-8B60-C1CEF53DD495}
		{5255D16F-4DC5-461C-8BB9-D15F6DE017EE} = {3283490B-B3C2-4301-9D6B-CC579E44AF98}
		{0860F497-0461-4C96-A7BA-152126B70E1A} = {5255D16F-4DC5-461C-8BB9-D15F6DE017EE}
	EndGlobalSection
	GlobalSection(ExtensibilityGlobals) = postSolution
		SolutionGuid = {14319CA2-267A-42E6-A7DA-C6E3EFA8417C}
	EndGlobalSection
EndGlobal
